
Microsoft Visual Studio Solution File, Format Version 12.00
# Visual Studio Version 16
VisualStudioVersion = 16.0.30204.135
MinimumVisualStudioVersion = 10.0.40219.1
Project("{FAE04EC0-301F-11D3-BF4B-00C04F79EFBC}") = "AppUI", "AppUI\AppUI.csproj", "{7069EEAA-DA7C-4D61-8351-D68EFDF3ACA6}"
EndProject
Global
	GlobalSection(SolutionConfigurationPlatforms) = preSolution
		Debug|Any CPU = Debug|Any CPU
		Release|Any CPU = Release|Any CPU
	EndGlobalSection
	GlobalSection(ProjectConfigurationPlatforms) = postSolution
		{7069EEAA-DA7C-4D61-8351-D68EFDF3ACA6}.Debug|Any CPU.ActiveCfg = Debug|Any CPU
		{7069EEAA-DA7C-4D61-8351-D68EFDF3ACA6}.Debug|Any CPU.Build.0 = Debug|Any CPU
		{7069EEAA-DA7C-4D61-8351-D68EFDF3ACA6}.Debug|Any CPU.Deploy.0 = Debug|Any CPU
		{7069EEAA-DA7C-4D61-8351-D68EFDF3ACA6}.Release|Any CPU.ActiveCfg = Release|Any CPU
		{7069EEAA-DA7C-4D61-8351-D68EFDF3ACA6}.Release|Any CPU.Build.0 = Release|Any CPU
		{7069EEAA-DA7C-4D61-8351-D68EFDF3ACA6}.Release|Any CPU.Deploy.0 = Release|Any CPU
	EndGlobalSection
	GlobalSection(SolutionProperties) = preSolution
		HideSolutionNode = FALSE
	EndGlobalSection
	GlobalSection(ExtensibilityGlobals) = postSolution
		SolutionGuid = {1D07E8F8-713B-4E41-A28E-1161F179FEE2}
	EndGlobalSection
EndGlobal
